
Microsoft Visual Studio Solution File, Format Version 12.00
# Visual Studio Version 16
VisualStudioVersion = 16.0.30804.86
MinimumVisualStudioVersion = 10.0.40219.1
Project("{FAE04EC0-301F-11D3-BF4B-00C04F79EFBC}") = "testWeb", "testWeb\testWeb.csproj", "{A7A49578-FEC9-455D-B605-B7FBED9E3C07}"
EndProject
Global
	GlobalSection(SolutionConfigurationPlatforms) = preSolution
		Debug|Any CPU = Debug|Any CPU
		Release|Any CPU = Release|Any CPU
	EndGlobalSection
	GlobalSection(ProjectConfigurationPlatforms) = postSolution
		{A7A49578-FEC9-455D-B605-B7FBED9E3C07}.Debug|Any CPU.ActiveCfg = Debug|Any CPU
		{A7A49578-FEC9-455D-B605-B7FBED9E3C07}.Debug|Any CPU.Build.0 = Debug|Any CPU
		{A7A49578-FEC9-455D-B605-B7FBED9E3C07}.Release|Any CPU.ActiveCfg = Release|Any CPU
		{A7A49578-FEC9-455D-B605-B7FBED9E3C07}.Release|Any CPU.Build.0 = Release|Any CPU
	EndGlobalSection
	GlobalSection(SolutionProperties) = preSolution
		HideSolutionNode = FALSE
	EndGlobalSection
	GlobalSection(ExtensibilityGlobals) = postSolution
		SolutionGuid = {9AFA0A3B-66D1-4163-955E-5B4BC11A404E}
	EndGlobalSection
EndGlobal
